
Microsoft Visual Studio Solution File, Format Version 12.00
# Visual Studio Version 16
VisualStudioVersion = 16.0.33130.400
MinimumVisualStudioVersion = 10.0.40219.1
Project("{FAE04EC0-301F-11D3-BF4B-00C04F79EFBC}") = "MultiWindowWPF", "MultiWindowWPF\MultiWindowWPF.csproj", "{2ED24007-3379-4241-AEA4-22EA8EB81670}"
EndProject
Project("{FAE04EC0-301F-11D3-BF4B-00C04F79EFBC}") = "MultiWindowWPF.Core", "MultiWindowWPF.Core\MultiWindowWPF.Core.csproj", "{71A49AEC-2407-4F73-989C-40E08AE513C4}"
EndProject
Global
	GlobalSection(SolutionConfigurationPlatforms) = preSolution
		Debug|Any CPU = Debug|Any CPU
		Release|Any CPU = Release|Any CPU
	EndGlobalSection
	GlobalSection(ProjectConfigurationPlatforms) = postSolution
		{2ED24007-3379-4241-AEA4-22EA8EB81670}.Debug|Any CPU.ActiveCfg = Debug|Any CPU
		{2ED24007-3379-4241-AEA4-22EA8EB81670}.Debug|Any CPU.Build.0 = Debug|Any CPU
		{2ED24007-3379-4241-AEA4-22EA8EB81670}.Release|Any CPU.ActiveCfg = Release|Any CPU
		{2ED24007-3379-4241-AEA4-22EA8EB81670}.Release|Any CPU.Build.0 = Release|Any CPU
		{71A49AEC-2407-4F73-989C-40E08AE513C4}.Debug|Any CPU.ActiveCfg = Debug|Any CPU
		{71A49AEC-2407-4F73-989C-40E08AE513C4}.Debug|Any CPU.Build.0 = Debug|Any CPU
		{71A49AEC-2407-4F73-989C-40E08AE513C4}.Release|Any CPU.ActiveCfg = Release|Any CPU
		{71A49AEC-2407-4F73-989C-40E08AE513C4}.Release|Any CPU.Build.0 = Release|Any CPU
	EndGlobalSection
	GlobalSection(SolutionProperties) = preSolution
		HideSolutionNode = FALSE
	EndGlobalSection
	GlobalSection(ExtensibilityGlobals) = postSolution
		SolutionGuid = {4BBD991E-5777-4099-9260-EA40CF4C0C97}
	EndGlobalSection
EndGlobal
